
Microsoft Visual Studio Solution File, Format Version 12.00
# Visual Studio Version 17
VisualStudioVersion = 17.13.35818.85 d17.13
MinimumVisualStudioVersion = 10.0.40219.1
Project("{FAE04EC0-301F-11D3-BF4B-00C04F79EFBC}") = "SocialMediaSimulator", "SocialMediaSimulator\SocialMediaSimulator.csproj", "{3CBB22BB-3801-4CA4-B896-7B3B520423DD}"
EndProject
Global
	GlobalSection(SolutionConfigurationPlatforms) = preSolution
		Debug|Any CPU = Debug|Any CPU
		Release|Any CPU = Release|Any CPU
	EndGlobalSection
	GlobalSection(ProjectConfigurationPlatforms) = postSolution
		{3CBB22BB-3801-4CA4-B896-7B3B520423DD}.Debug|Any CPU.ActiveCfg = Debug|Any CPU
		{3CBB22BB-3801-4CA4-B896-7B3B520423DD}.Debug|Any CPU.Build.0 = Debug|Any CPU
		{3CBB22BB-3801-4CA4-B896-7B3B520423DD}.Release|Any CPU.ActiveCfg = Release|Any CPU
		{3CBB22BB-3801-4CA4-B896-7B3B520423DD}.Release|Any CPU.Build.0 = Release|Any CPU
	EndGlobalSection
	GlobalSection(SolutionProperties) = preSolution
		HideSolutionNode = FALSE
	EndGlobalSection
	GlobalSection(ExtensibilityGlobals) = postSolution
		SolutionGuid = {80D530C0-5205-435F-8E5C-9A93C79B3A8A}
	EndGlobalSection
EndGlobal
